
Microsoft Visual Studio Solution File, Format Version 12.00
# Visual Studio Version 17
VisualStudioVersion = 17.0.31903.59
MinimumVisualStudioVersion = 10.0.40219.1
Project("{FAE04EC0-301F-11D3-BF4B-00C04F79EFBC}") = "ControleGastos.Api", "ControleGastos.Api\ControleGastos.Api.csproj", "{C4536D17-4584-46DD-A105-1D5128A3F4AE}"
EndProject
Project("{FAE04EC0-301F-11D3-BF4B-00C04F79EFBC}") = "ControleGastos.Domain", "ControleGastos.Domain\ControleGastos.Domain.csproj", "{6EC76F19-CFFB-46DB-A4F6-27D7B80E16E3}"
EndProject
Project("{FAE04EC0-301F-11D3-BF4B-00C04F79EFBC}") = "ControleGastos.Application", "ControleGastos.Application\ControleGastos.Application.csproj", "{034A298D-44E8-4B0A-AF82-9B07D27ED3D2}"
EndProject
Project("{FAE04EC0-301F-11D3-BF4B-00C04F79EFBC}") = "ControleGastos.Infrastructure", "ControleGastos.Infrastructure\ControleGastos.Infrastructure.csproj", "{C8B0AF23-41E4-4F2D-993E-91D45EF900DF}"
EndProject
Project("{FAE04EC0-301F-11D3-BF4B-00C04F79EFBC}") = "ControleGastos.Shared", "ControleGastos.Shared\ControleGastos.Shared.csproj", "{68235B95-8BC8-4520-AF5E-D7024CE8BC4D}"
EndProject
Global
	GlobalSection(SolutionConfigurationPlatforms) = preSolution
		Debug|Any CPU = Debug|Any CPU
		Debug|x64 = Debug|x64
		Debug|x86 = Debug|x86
		Release|Any CPU = Release|Any CPU
		Release|x64 = Release|x64
		Release|x86 = Release|x86
	EndGlobalSection
	GlobalSection(ProjectConfigurationPlatforms) = postSolution
		{C4536D17-4584-46DD-A105-1D5128A3F4AE}.Debug|Any CPU.ActiveCfg = Debug|Any CPU
		{C4536D17-4584-46DD-A105-1D5128A3F4AE}.Debug|Any CPU.Build.0 = Debug|Any CPU
		{C4536D17-4584-46DD-A105-1D5128A3F4AE}.Debug|x64.ActiveCfg = Debug|Any CPU
		{C4536D17-4584-46DD-A105-1D5128A3F4AE}.Debug|x64.Build.0 = Debug|Any CPU
		{C4536D17-4584-46DD-A105-1D5128A3F4AE}.Debug|x86.ActiveCfg = Debug|Any CPU
		{C4536D17-4584-46DD-A105-1D5128A3F4AE}.Debug|x86.Build.0 = Debug|Any CPU
		{C4536D17-4584-46DD-A105-1D5128A3F4AE}.Release|Any CPU.ActiveCfg = Release|Any CPU
		{C4536D17-4584-46DD-A105-1D5128A3F4AE}.Release|Any CPU.Build.0 = Release|Any CPU
		{C4536D17-4584-46DD-A105-1D5128A3F4AE}.Release|x64.ActiveCfg = Release|Any CPU
		{C4536D17-4584-46DD-A105-1D5128A3F4AE}.Release|x64.Build.0 = Release|Any CPU
		{C4536D17-4584-46DD-A105-1D5128A3F4AE}.Release|x86.ActiveCfg = Release|Any CPU
		{C4536D17-4584-46DD-A105-1D5128A3F4AE}.Release|x86.Build.0 = Release|Any CPU
		{6EC76F19-CFFB-46DB-A4F6-27D7B80E16E3}.Debug|Any CPU.ActiveCfg = Debug|Any CPU
		{6EC76F19-CFFB-46DB-A4F6-27D7B80E16E3}.Debug|Any CPU.Build.0 = Debug|Any CPU
		{6EC76F19-CFFB-46DB-A4F6-27D7B80E16E3}.Debug|x64.ActiveCfg = Debug|Any CPU
		{6EC76F19-CFFB-46DB-A4F6-27D7B80E16E3}.Debug|x64.Build.0 = Debug|Any CPU
		{6EC76F19-CFFB-46DB-A4F6-27D7B80E16E3}.Debug|x86.ActiveCfg = Debug|Any CPU
		{6EC76F19-CFFB-46DB-A4F6-27D7B80E16E3}.Debug|x86.Build.0 = Debug|Any CPU
		{6EC76F19-CFFB-46DB-A4F6-27D7B80E16E3}.Release|Any CPU.ActiveCfg = Release|Any CPU
		{6EC76F19-CFFB-46DB-A4F6-27D7B80E16E3}.Release|Any CPU.Build.0 = Release|Any CPU
		{6EC76F19-CFFB-46DB-A4F6-27D7B80E16E3}.Release|x64.ActiveCfg = Release|Any CPU
		{6EC76F19-CFFB-46DB-A4F6-27D7B80E16E3}.Release|x64.Build.0 = Release|Any CPU
		{6EC76F19-CFFB-46DB-A4F6-27D7B80E16E3}.Release|x86.ActiveCfg = Release|Any CPU
		{6EC76F19-CFFB-46DB-A4F6-27D7B80E16E3}.Release|x86.Build.0 = Release|Any CPU
		{034A298D-44E8-4B0A-AF82-9B07D27ED3D2}.Debug|Any CPU.ActiveCfg = Debug|Any CPU
		{034A298D-44E8-4B0A-AF82-9B07D27ED3D2}.Debug|Any CPU.Build.0 = Debug|Any CPU
		{034A298D-44E8-4B0A-AF82-9B07D27ED3D2}.Debug|x64.ActiveCfg = Debug|Any CPU
		{034A298D-44E8-4B0A-AF82-9B07D27ED3D2}.Debug|x64.Build.0 = Debug|Any CPU
		{034A298D-44E8-4B0A-AF82-9B07D27ED3D2}.Debug|x86.ActiveCfg = Debug|Any CPU
		{034A298D-44E8-4B0A-AF82-9B07D27ED3D2}.Debug|x86.Build.0 = Debug|Any CPU
		{034A298D-44E8-4B0A-AF82-9B07D27ED3D2}.Release|Any CPU.ActiveCfg = Release|Any CPU
		{034A298D-44E8-4B0A-AF82-9B07D27ED3D2}.Release|Any CPU.Build.0 = Release|Any CPU
		{034A298D-44E8-4B0A-AF82-9B07D27ED3D2}.Release|x64.ActiveCfg = Release|Any CPU
		{034A298D-44E8-4B0A-AF82-9B07D27ED3D2}.Release|x64.Build.0 = Release|Any CPU
		{034A298D-44E8-4B0A-AF82-9B07D27ED3D2}.Release|x86.ActiveCfg = Release|Any CPU
		{034A298D-44E8-4B0A-AF82-9B07D27ED3D2}.Release|x86.Build.0 = Release|Any CPU
		{C8B0AF23-41E4-4F2D-993E-91D45EF900DF}.Debug|Any CPU.ActiveCfg = Debug|Any CPU
		{C8B0AF23-41E4-4F2D-993E-91D45EF900DF}.Debug|Any CPU.Build.0 = Debug|Any CPU
		{C8B0AF23-41E4-4F2D-993E-91D45EF900DF}.Debug|x64.ActiveCfg = Debug|Any CPU
		{C8B0AF23-41E4-4F2D-993E-91D45EF900DF}.Debug|x64.Build.0 = Debug|Any CPU
		{C8B0AF23-41E4-4F2D-993E-91D45EF900DF}.Debug|x86.ActiveCfg = Debug|Any CPU
		{C8B0AF23-41E4-4F2D-993E-91D45EF900DF}.Debug|x86.Build.0 = Debug|Any CPU
		{C8B0AF23-41E4-4F2D-993E-91D45EF900DF}.Release|Any CPU.ActiveCfg = Release|Any CPU
		{C8B0AF23-41E4-4F2D-993E-91D45EF900DF}.Release|Any CPU.Build.0 = Release|Any CPU
		{C8B0AF23-41E4-4F2D-993E-91D45EF900DF}.Release|x64.ActiveCfg = Release|Any CPU
		{C8B0AF23-41E4-4F2D-993E-91D45EF900DF}.Release|x64.Build.0 = Release|Any CPU
		{C8B0AF23-41E4-4F2D-993E-91D45EF900DF}.Release|x86.ActiveCfg = Release|Any CPU
		{C8B0AF23-41E4-4F2D-993E-91D45EF900DF}.Release|x86.Build.0 = Release|Any CPU
		{68235B95-8BC8-4520-AF5E-D7024CE8BC4D}.Debug|Any CPU.ActiveCfg = Debug|Any CPU
		{68235B95-8BC8-4520-AF5E-D7024CE8BC4D}.Debug|Any CPU.Build.0 = Debug|Any CPU
		{68235B95-8BC8-4520-AF5E-D7024CE8BC4D}.Debug|x64.ActiveCfg = Debug|Any CPU
		{68235B95-8BC8-4520-AF5E-D7024CE8BC4D}.Debug|x64.Build.0 = Debug|Any CPU
		{68235B95-8BC8-4520-AF5E-D7024CE8BC4D}.Debug|x86.ActiveCfg = Debug|Any CPU
		{68235B95-8BC8-4520-AF5E-D7024CE8BC4D}.Debug|x86.Build.0 = Debug|Any CPU
		{68235B95-8BC8-4520-AF5E-D7024CE8BC4D}.Release|Any CPU.ActiveCfg = Release|Any CPU
		{68235B95-8BC8-4520-AF5E-D7024CE8BC4D}.Release|Any CPU.Build.0 = Release|Any CPU
		{68235B95-8BC8-4520-AF5E-D7024CE8BC4D}.Release|x64.ActiveCfg = Release|Any CPU
		{68235B95-8BC8-4520-AF5E-D7024CE8BC4D}.Release|x64.Build.0 = Release|Any CPU
		{68235B95-8BC8-4520-AF5E-D7024CE8BC4D}.Release|x86.ActiveCfg = Release|Any CPU
		{68235B95-8BC8-4520-AF5E-D7024CE8BC4D}.Release|x86.Build.0 = Release|Any CPU
	EndGlobalSection
	GlobalSection(SolutionProperties) = preSolution
		HideSolutionNode = FALSE
	EndGlobalSection
EndGlobal
